
Microsoft Visual Studio Solution File, Format Version 11.00
# Visual Studio 2010
Project("{8BC9CEB8-8B4A-11D0-8D11-00A0C91BC942}") = "TP2Infographie", "TP2Infographie\TP2Infographie.vcxproj", "{A0C7253E-FE83-4680-8B2F-C8FB2F659BE9}"
EndProject
Global
	GlobalSection(SolutionConfigurationPlatforms) = preSolution
		Debug|Win32 = Debug|Win32
		Release|Win32 = Release|Win32
	EndGlobalSection
	GlobalSection(ProjectConfigurationPlatforms) = postSolution
		{A0C7253E-FE83-4680-8B2F-C8FB2F659BE9}.Debug|Win32.ActiveCfg = Debug|Win32
		{A0C7253E-FE83-4680-8B2F-C8FB2F659BE9}.Debug|Win32.Build.0 = Debug|Win32
		{A0C7253E-FE83-4680-8B2F-C8FB2F659BE9}.Release|Win32.ActiveCfg = Release|Win32
		{A0C7253E-FE83-4680-8B2F-C8FB2F659BE9}.Release|Win32.Build.0 = Release|Win32
	EndGlobalSection
	GlobalSection(SolutionProperties) = preSolution
		HideSolutionNode = FALSE
	EndGlobalSection
EndGlobal
